
Microsoft Visual Studio Solution File, Format Version 12.00
# Visual Studio Version 17
VisualStudioVersion = 17.8.34330.188
MinimumVisualStudioVersion = 10.0.40219.1
Project("{9A19103F-16F7-4668-BE54-9A1E7A4F7556}") = "BookStore", "BookStore\BookStore.csproj", "{2A369630-021B-4489-BF5D-EB4EDF8DC8E0}"
	ProjectSection(ProjectDependencies) = postProject
		{40D5C392-05AD-42F1-A0FD-E45602A70C1F} = {40D5C392-05AD-42F1-A0FD-E45602A70C1F}
		{4A095AF9-BC57-43E3-9F1D-AE69119D5193} = {4A095AF9-BC57-43E3-9F1D-AE69119D5193}
	EndProjectSection
EndProject
Project("{9A19103F-16F7-4668-BE54-9A1E7A4F7556}") = "BookStore.Infrastructure", "BookStore.Infrastructure\BookStore.Infrastructure.csproj", "{BF0D7C9B-6FE5-42A2-9A87-7131DE0BC8DF}"
EndProject
Project("{2150E333-8FDC-42A3-9474-1A3956D46DE8}") = "Presentation", "Presentation", "{A98B1B6E-0623-459F-AE3B-DED79C9A0551}"
EndProject
Project("{2150E333-8FDC-42A3-9474-1A3956D46DE8}") = "Infrastructure", "Infrastructure", "{C84B41A2-F505-4825-9B7D-E583DA75ABA4}"
EndProject
Project("{2150E333-8FDC-42A3-9474-1A3956D46DE8}") = "Core", "Core", "{AF6A552B-C733-4217-ABB6-37628BC78EE5}"
EndProject
Project("{FAE04EC0-301F-11D3-BF4B-00C04F79EFBC}") = "Domain", "Domain\Domain.csproj", "{4A095AF9-BC57-43E3-9F1D-AE69119D5193}"
EndProject
Project("{FAE04EC0-301F-11D3-BF4B-00C04F79EFBC}") = "Application", "Application\Application.csproj", "{40D5C392-05AD-42F1-A0FD-E45602A70C1F}"
EndProject
Global
	GlobalSection(SolutionConfigurationPlatforms) = preSolution
		Debug|Any CPU = Debug|Any CPU
		Release|Any CPU = Release|Any CPU
	EndGlobalSection
	GlobalSection(ProjectConfigurationPlatforms) = postSolution
		{2A369630-021B-4489-BF5D-EB4EDF8DC8E0}.Debug|Any CPU.ActiveCfg = Debug|Any CPU
		{2A369630-021B-4489-BF5D-EB4EDF8DC8E0}.Debug|Any CPU.Build.0 = Debug|Any CPU
		{2A369630-021B-4489-BF5D-EB4EDF8DC8E0}.Release|Any CPU.ActiveCfg = Release|Any CPU
		{2A369630-021B-4489-BF5D-EB4EDF8DC8E0}.Release|Any CPU.Build.0 = Release|Any CPU
		{BF0D7C9B-6FE5-42A2-9A87-7131DE0BC8DF}.Debug|Any CPU.ActiveCfg = Debug|Any CPU
		{BF0D7C9B-6FE5-42A2-9A87-7131DE0BC8DF}.Debug|Any CPU.Build.0 = Debug|Any CPU
		{BF0D7C9B-6FE5-42A2-9A87-7131DE0BC8DF}.Release|Any CPU.ActiveCfg = Release|Any CPU
		{BF0D7C9B-6FE5-42A2-9A87-7131DE0BC8DF}.Release|Any CPU.Build.0 = Release|Any CPU
		{4A095AF9-BC57-43E3-9F1D-AE69119D5193}.Debug|Any CPU.ActiveCfg = Debug|Any CPU
		{4A095AF9-BC57-43E3-9F1D-AE69119D5193}.Debug|Any CPU.Build.0 = Debug|Any CPU
		{4A095AF9-BC57-43E3-9F1D-AE69119D5193}.Release|Any CPU.ActiveCfg = Release|Any CPU
		{4A095AF9-BC57-43E3-9F1D-AE69119D5193}.Release|Any CPU.Build.0 = Release|Any CPU
		{40D5C392-05AD-42F1-A0FD-E45602A70C1F}.Debug|Any CPU.ActiveCfg = Debug|Any CPU
		{40D5C392-05AD-42F1-A0FD-E45602A70C1F}.Debug|Any CPU.Build.0 = Debug|Any CPU
		{40D5C392-05AD-42F1-A0FD-E45602A70C1F}.Release|Any CPU.ActiveCfg = Release|Any CPU
		{40D5C392-05AD-42F1-A0FD-E45602A70C1F}.Release|Any CPU.Build.0 = Release|Any CPU
	EndGlobalSection
	GlobalSection(SolutionProperties) = preSolution
		HideSolutionNode = FALSE
	EndGlobalSection
	GlobalSection(NestedProjects) = preSolution
		{2A369630-021B-4489-BF5D-EB4EDF8DC8E0} = {A98B1B6E-0623-459F-AE3B-DED79C9A0551}
		{BF0D7C9B-6FE5-42A2-9A87-7131DE0BC8DF} = {C84B41A2-F505-4825-9B7D-E583DA75ABA4}
		{4A095AF9-BC57-43E3-9F1D-AE69119D5193} = {AF6A552B-C733-4217-ABB6-37628BC78EE5}
		{40D5C392-05AD-42F1-A0FD-E45602A70C1F} = {AF6A552B-C733-4217-ABB6-37628BC78EE5}
	EndGlobalSection
	GlobalSection(ExtensibilityGlobals) = postSolution
		SolutionGuid = {A93C4B87-017A-4204-9A56-50577DAA531E}
	EndGlobalSection
EndGlobal
